// !$*UTF8*$!
{
	archiveVersion = 1;
	classes = {
	};
	objectVersion = 46;
	objects = {

/* Begin PBXBuildFile section */
		1F4F0EC91BB1038B00430CC9 /* AppDelegate.swift in Sources */ = {isa = PBXBuildFile; fileRef = 1F4F0EC81BB1038B00430CC9 /* AppDelegate.swift */; };
		1F4F0ECB1BB1038B00430CC9 /* RecordSoundsViewController.swift in Sources */ = {isa = PBXBuildFile; fileRef = 1F4F0ECA1BB1038B00430CC9 /* RecordSoundsViewController.swift */; };
		1F4F0ECE1BB1038B00430CC9 /* Main.storyboard in Resources */ = {isa = PBXBuildFile; fileRef = 1F4F0ECC1BB1038B00430CC9 /* Main.storyboard */; };
		1F4F0ED01BB1038B00430CC9 /* Assets.xcassets in Resources */ = {isa = PBXBuildFile; fileRef = 1F4F0ECF1BB1038B00430CC9 /* Assets.xcassets */; };
		1F4F0ED31BB1038B00430CC9 /* LaunchScreen.storyboard in Resources */ = {isa = PBXBuildFile; fileRef = 1F4F0ED11BB1038B00430CC9 /* LaunchScreen.storyboard */; };
		1F4F0EDE1BB1038B00430CC9 /* PitchPerfectTests.swift in Sources */ = {isa = PBXBuildFile; fileRef = 1F4F0EDD1BB1038B00430CC9 /* PitchPerfectTests.swift */; };
		1F4F0EE91BB1038B00430CC9 /* PitchPerfectUITests.swift in Sources */ = {isa = PBXBuildFile; fileRef = 1F4F0EE81BB1038B00430CC9 /* PitchPerfectUITests.swift */; };
		1F4F0EF71BB880A000430CC9 /* PlaySoundsViewController.swift in Sources */ = {isa = PBXBuildFile; fileRef = 1F4F0EF61BB880A000430CC9 /* PlaySoundsViewController.swift */; settings = {ASSET_TAGS = (); }; };
		1F4F0EFD1BB9B2EE00430CC9 /* RecordedAudio.swift in Sources */ = {isa = PBXBuildFile; fileRef = 1F4F0EFC1BB9B2EE00430CC9 /* RecordedAudio.swift */; settings = {ASSET_TAGS = (); }; };
/* End PBXBuildFile section */

/* Begin PBXContainerItemProxy section */
		1F4F0EDA1BB1038B00430CC9 /* PBXContainerItemProxy */ = {
			isa = PBXContainerItemProxy;
			containerPortal = 1F4F0EBD1BB1038B00430CC9 /* Project object */;
			proxyType = 1;
			remoteGlobalIDString = 1F4F0EC41BB1038B00430CC9;
			remoteInfo = PitchPerfect;
		};
		1F4F0EE51BB1038B00430CC9 /* PBXContainerItemProxy */ = {
			isa = PBXContainerItemProxy;
			containerPortal = 1F4F0EBD1BB1038B00430CC9 /* Project object */;
			proxyType = 1;
			remoteGlobalIDString = 1F4F0EC41BB1038B00430CC9;
			remoteInfo = PitchPerfect;
		};
/* End PBXContainerItemProxy section */

/* Begin PBXFileReference section */
		1F4F0EC51BB1038B00430CC9 /* PitchPerfect.app */ = {isa = PBXFileReference; explicitFileType = wrapper.application; includeInIndex = 0; path = PitchPerfect.app; sourceTree = BUILT_PRODUCTS_DIR; };
		1F4F0EC81BB1038B00430CC9 /* AppDelegate.swift */ = {isa = PBXFileReference; lastKnownFileType = sourcecode.swift; path = AppDelegate.swift; sourceTree = "<group>"; };
		1F4F0ECA1BB1038B00430CC9 /* RecordSoundsViewController.swift */ = {isa = PBXFileReference; lastKnownFileType = sourcecode.swift; path = RecordSoundsViewController.swift; sourceTree = "<group>"; };
		1F4F0ECD1BB1038B00430CC9 /* Base */ = {isa = PBXFileReference; lastKnownFileType = file.storyboard; name = Base; path = Base.lproj/Main.storyboard; sourceTree = "<group>"; };
		1F4F0ECF1BB1038B00430CC9 /* Assets.xcassets */ = {isa = PBXFileReference; lastKnownFileType = folder.assetcatalog; path = Assets.xcassets; sourceTree = "<group>"; };
		1F4F0ED21BB1038B00430CC9 /* Base */ = {isa = PBXFileReference; lastKnownFileType = file.storyboard; name = Base; path = Base.lproj/LaunchScreen.storyboard; sourceTree = "<group>"; };
		1F4F0ED41BB1038B00430CC9 /* Info.plist */ = {isa = PBXFileReference; lastKnownFileType = text.plist.xml; path = Info.plist; sourceTree = "<group>"; };
		1F4F0ED91BB1038B00430CC9 /* PitchPerfectTests.xctest */ = {isa = PBXFileReference; explicitFileType = wrapper.cfbundle; includeInIndex = 0; path = PitchPerfectTests.xctest; sourceTree = BUILT_PRODUCTS_DIR; };
		1F4F0EDD1BB1038B00430CC9 /* PitchPerfectTests.swift */ = {isa = PBXFileReference; lastKnownFileType = sourcecode.swift; path = PitchPerfectTests.swift; sourceTree = "<group>"; };
		1F4F0EDF1BB1038B00430CC9 /* Info.plist */ = {isa = PBXFileReference; lastKnownFileType = text.plist.xml; path = Info.plist; sourceTree = "<group>"; };
		1F4F0EE41BB1038B00430CC9 /* PitchPerfectUITests.xctest */ = {isa = PBXFileReference; explicitFileType = wrapper.cfbundle; includeInIndex = 0; path = PitchPerfectUITests.xctest; sourceTree = BUILT_PRODUCTS_DIR; };
		1F4F0EE81BB1038B00430CC9 /* PitchPerfectUITests.swift */ = {isa = PBXFileReference; lastKnownFileType = sourcecode.swift; path = PitchPerfectUITests.swift; sourceTree = "<group>"; };
		1F4F0EEA1BB1038B00430CC9 /* Info.plist */ = {isa = PBXFileReference; lastKnownFileType = text.plist.xml; path = Info.plist; sourceTree = "<group>"; };
		1F4F0EF61BB880A000430CC9 /* PlaySoundsViewController.swift */ = {isa = PBXFileReference; fileEncoding = 4; lastKnownFileType = sourcecode.swift; path = PlaySoundsViewController.swift; sourceTree = "<group>"; };
		1F4F0EFC1BB9B2EE00430CC9 /* RecordedAudio.swift */ = {isa = PBXFileReference; fileEncoding = 4; lastKnownFileType = sourcecode.swift; path = RecordedAudio.swift; sourceTree = "<group>"; };
/* End PBXFileReference section */

/* Begin PBXFrameworksBuildPhase section */
		1F4F0EC21BB1038B00430CC9 /* Frameworks */ = {
			isa = PBXFrameworksBuildPhase;
			buildActionMask = 2147483647;
			files = (
			);
			runOnlyForDeploymentPostprocessing = 0;
		};
		1F4F0ED61BB1038B00430CC9 /* Frameworks */ = {
			isa = PBXFrameworksBuildPhase;
			buildActionMask = 2147483647;
			files = (
			);
			runOnlyForDeploymentPostprocessing = 0;
		};
		1F4F0EE11BB1038B00430CC9 /* Frameworks */ = {
			isa = PBXFrameworksBuildPhase;
			buildActionMask = 2147483647;
			files = (
			);
			runOnlyForDeploymentPostprocessing = 0;
		};
/* End PBXFrameworksBuildPhase section */

/* Begin PBXGroup section */
		1F4F0EBC1BB1038B00430CC9 = {
			isa = PBXGroup;
			children = (
				1F4F0EC71BB1038B00430CC9 /* PitchPerfect */,
				1F4F0EDC1BB1038B00430CC9 /* PitchPerfectTests */,
				1F4F0EE71BB1038B00430CC9 /* PitchPerfectUITests */,
				1F4F0EC61BB1038B00430CC9 /* Products */,
			);
			sourceTree = "<group>";
		};
		1F4F0EC61BB1038B00430CC9 /* Products */ = {
			isa = PBXGroup;
			children = (
				1F4F0EC51BB1038B00430CC9 /* PitchPerfect.app */,
				1F4F0ED91BB1038B00430CC9 /* PitchPerfectTests.xctest */,
				1F4F0EE41BB1038B00430CC9 /* PitchPerfectUITests.xctest */,
			);
			name = Products;
			sourceTree = "<group>";
		};
		1F4F0EC71BB1038B00430CC9 /* PitchPerfect */ = {
			isa = PBXGroup;
			children = (
				1F4F0EC81BB1038B00430CC9 /* AppDelegate.swift */,
				1F4F0ECA1BB1038B00430CC9 /* RecordSoundsViewController.swift */,
				1F4F0ECC1BB1038B00430CC9 /* Main.storyboard */,
				1F4F0EFC1BB9B2EE00430CC9 /* RecordedAudio.swift */,
				1F4F0EF61BB880A000430CC9 /* PlaySoundsViewController.swift */,
				1F4F0ECF1BB1038B00430CC9 /* Assets.xcassets */,
				1F4F0ED11BB1038B00430CC9 /* LaunchScreen.storyboard */,
				1F4F0ED41BB1038B00430CC9 /* Info.plist */,
			);
			path = PitchPerfect;
			sourceTree = "<group>";
		};
		1F4F0EDC1BB1038B00430CC9 /* PitchPerfectTests */ = {
			isa = PBXGroup;
			children = (
				1F4F0EDD1BB1038B00430CC9 /* PitchPerfectTests.swift */,
				1F4F0EDF1BB1038B00430CC9 /* Info.plist */,
			);
			path = PitchPerfectTests;
			sourceTree = "<group>";
		};
		1F4F0EE71BB1038B00430CC9 /* PitchPerfectUITests */ = {
			isa = PBXGroup;
			children = (
				1F4F0EE81BB1038B00430CC9 /* PitchPerfectUITests.swift */,
				1F4F0EEA1BB1038B00430CC9 /* Info.plist */,
			);
			path = PitchPerfectUITests;
			sourceTree = "<group>";
		};
/* End PBXGroup section */

/* Begin PBXNativeTarget section */
		1F4F0EC41BB1038B00430CC9 /* PitchPerfect */ = {
			isa = PBXNativeTarget;
			buildConfigurationList = 1F4F0EED1BB1038B00430CC9 /* Build configuration list for PBXNativeTarget "PitchPerfect" */;
			buildPhases = (
				1F4F0EC11BB1038B00430CC9 /* Sources */,
				1F4F0EC21BB1038B00430CC9 /* Frameworks */,
				1F4F0EC31BB1038B00430CC9 /* Resources */,
			);
			buildRules = (
			);
			dependencies = (
			);
			name = PitchPerfect;
			productName = PitchPerfect;
			productReference = 1F4F0EC51BB1038B00430CC9 /* PitchPerfect.app */;
			productType = "com.apple.product-type.application";
		};
		1F4F0ED81BB1038B00430CC9 /* PitchPerfectTests */ = {
			isa = PBXNativeTarget;
			buildConfigurationList = 1F4F0EF01BB1038B00430CC9 /* Build configuration list for PBXNativeTarget "PitchPerfectTests" */;
			buildPhases = (
				1F4F0ED51BB1038B00430CC9 /* Sources */,
				1F4F0ED61BB1038B00430CC9 /* Frameworks */,
				1F4F0ED71BB1038B00430CC9 /* Resources */,
			);
			buildRules = (
			);
			dependencies = (
				1F4F0EDB1BB1038B00430CC9 /* PBXTargetDependency */,
			);
			name = PitchPerfectTests;
			productName = PitchPerfectTests;
			productReference = 1F4F0ED91BB1038B00430CC9 /* PitchPerfectTests.xctest */;
			productType = "com.apple.product-type.bundle.unit-test";
		};
		1F4F0EE31BB1038B00430CC9 /* PitchPerfectUITests */ = {
			isa = PBXNativeTarget;
			buildConfigurationList = 1F4F0EF31BB1038B00430CC9 /* Build configuration list for PBXNativeTarget "PitchPerfectUITests" */;
			buildPhases = (
				1F4F0EE01BB1038B00430CC9 /* Sources */,
				1F4F0EE11BB1038B00430CC9 /* Frameworks */,
				1F4F0EE21BB1038B00430CC9 /* Resources */,
			);
			buildRules = (
			);
			dependencies = (
				1F4F0EE61BB1038B00430CC9 /* PBXTargetDependency */,
			);
			name = PitchPerfectUITests;
			productName = PitchPerfectUITests;
			productReference = 1F4F0EE41BB1038B00430CC9 /* PitchPerfectUITests.xctest */;
			productType = "com.apple.product-type.bundle.ui-testing";
		};
/* End PBXNativeTarget section */

/* Begin PBXProject section */
		1F4F0EBD1BB1038B00430CC9 /* Project object */ = {
			isa = PBXProject;
			attributes = {
				LastUpgradeCheck = 0700;
				ORGANIZATIONNAME = "Jeffrey Pape";
				TargetAttributes = {
					1F4F0EC41BB1038B00430CC9 = {
						CreatedOnToolsVersion = 7.0;
						DevelopmentTeam = 6UF5LQWVNV;
					};
					1F4F0ED81BB1038B00430CC9 = {
						CreatedOnToolsVersion = 7.0;
						TestTargetID = 1F4F0EC41BB1038B00430CC9;
					};
					1F4F0EE31BB1038B00430CC9 = {
						CreatedOnToolsVersion = 7.0;
						TestTargetID = 1F4F0EC41BB1038B00430CC9;
					};
				};
			};
			buildConfigurationList = 1F4F0EC01BB1038B00430CC9 /* Build configuration list for PBXProject "PitchPerfect" */;
			compatibilityVersion = "Xcode 3.2";
			developmentRegion = English;
			hasScannedForEncodings = 0;
			knownRegions = (
				en,
				Base,
			);
			mainGroup = 1F4F0EBC1BB1038B00430CC9;
			productRefGroup = 1F4F0EC61BB1038B00430CC9 /* Products */;
			projectDirPath = "";
			projectRoot = "";
			targets = (
				1F4F0EC41BB1038B00430CC9 /* PitchPerfect */,
				1F4F0ED81BB1038B00430CC9 /* PitchPerfectTests */,
				1F4F0EE31BB1038B00430CC9 /* PitchPerfectUITests */,
			);
		};
/* End PBXProject section */

/* Begin PBXResourcesBuildPhase section */
		1F4F0EC31BB1038B00430CC9 /* Resources */ = {
			isa = PBXResourcesBuildPhase;
			buildActionMask = 2147483647;
			files = (
				1F4F0ED31BB1038B00430CC9 /* LaunchScreen.storyboard in Resources */,
				1F4F0ED01BB1038B00430CC9 /* Assets.xcassets in Resources */,
				1F4F0ECE1BB1038B00430CC9 /* Main.storyboard in Resources */,
			);
			runOnlyForDeploymentPostprocessing = 0;
		};
		1F4F0ED71BB1038B00430CC9 /* Resources */ = {
			isa = PBXResourcesBuildPhase;
			buildActionMask = 2147483647;
			files = (
			);
			runOnlyForDeploymentPostprocessing = 0;
		};
		1F4F0EE21BB1038B00430CC9 /* Resources */ = {
			isa = PBXResourcesBuildPhase;
			buildActionMask = 2147483647;
			files = (
			);
			runOnlyForDeploymentPostprocessing = 0;
		};
/* End PBXResourcesBuildPhase section */

/* Begin PBXSourcesBuildPhase section */
		1F4F0EC11BB1038B00430CC9 /* Sources */ = {
			isa = PBXSourcesBuildPhase;
			buildActionMask = 2147483647;
			files = (
				1F4F0EFD1BB9B2EE00430CC9 /* RecordedAudio.swift in Sources */,
				1F4F0ECB1BB1038B00430CC9 /* RecordSoundsViewController.swift in Sources */,
				1F4F0EF71BB880A000430CC9 /* PlaySoundsViewController.swift in Sources */,
				1F4F0EC91BB1038B00430CC9 /* AppDelegate.swift in Sources */,
			);
			runOnlyForDeploymentPostprocessing = 0;
		};
		1F4F0ED51BB1038B00430CC9 /* Sources */ = {
			isa = PBXSourcesBuildPhase;
			buildActionMask = 2147483647;
			files = (
				1F4F0EDE1BB1038B00430CC9 /* PitchPerfectTests.swift in Sources */,
			);
			runOnlyForDeploymentPostprocessing = 0;
		};
		1F4F0EE01BB1038B00430CC9 /* Sources */ = {
			isa = PBXSourcesBuildPhase;
			buildActionMask = 2147483647;
			files = (
				1F4F0EE91BB1038B00430CC9 /* PitchPerfectUITests.swift in Sources */,
			);
			runOnlyForDeploymentPostprocessing = 0;
		};
/* End PBXSourcesBuildPhase section */

/* Begin PBXTargetDependency section */
		1F4F0EDB1BB1038B00430CC9 /* PBXTargetDependency */ = {
			isa = PBXTargetDependency;
			target = 1F4F0EC41BB1038B00430CC9 /* PitchPerfect */;
			targetProxy = 1F4F0EDA1BB1038B00430CC9 /* PBXContainerItemProxy */;
		};
		1F4F0EE61BB1038B00430CC9 /* PBXTargetDependency */ = {
			isa = PBXTargetDependency;
			target = 1F4F0EC41BB1038B00430CC9 /* PitchPerfect */;
			targetProxy = 1F4F0EE51BB1038B00430CC9 /* PBXContainerItemProxy */;
		};
/* End PBXTargetDependency section */

/* Begin PBXVariantGroup section */
		1F4F0ECC1BB1038B00430CC9 /* Main.storyboard */ = {
			isa = PBXVariantGroup;
			children = (
				1F4F0ECD1BB1038B00430CC9 /* Base */,
			);
			name = Main.storyboard;
			sourceTree = "<group>";
		};
		1F4F0ED11BB1038B00430CC9 /* LaunchScreen.storyboard */ = {
			isa = PBXVariantGroup;
			children = (
				1F4F0ED21BB1038B00430CC9 /* Base */,
			);
			name = LaunchScreen.storyboard;
			sourceTree = "<group>";
		};
/* End PBXVariantGroup section */

/* Begin XCBuildConfiguration section */
		1F4F0EEB1BB1038B00430CC9 /* Debug */ = {
			isa = XCBuildConfiguration;
			buildSettings = {
				ALWAYS_SEARCH_USER_PATHS = NO;
				CLANG_CXX_LANGUAGE_STANDARD = "gnu++0x";
				CLANG_CXX_LIBRARY = "libc++";
				CLANG_ENABLE_MODULES = YES;
				CLANG_ENABLE_OBJC_ARC = YES;
				CLANG_WARN_BOOL_CONVERSION = YES;
				CLANG_WARN_CONSTANT_CONVERSION = YES;
				CLANG_WARN_DIRECT_OBJC_ISA_USAGE = YES_ERROR;
				CLANG_WARN_EMPTY_BODY = YES;
				CLANG_WARN_ENUM_CONVERSION = YES;
				CLANG_WARN_INT_CONVERSION = YES;
				CLANG_WARN_OBJC_ROOT_CLASS = YES_ERROR;
				CLANG_WARN_UNREACHABLE_CODE = YES;
				CLANG_WARN__DUPLICATE_METHOD_MATCH = YES;
				"CODE_SIGN_IDENTITY[sdk=iphoneos*]" = "iPhone Developer";
				COPY_PHASE_STRIP = NO;
				DEBUG_INFORMATION_FORMAT = dwarf;
				ENABLE_STRICT_OBJC_MSGSEND = YES;
				ENABLE_TESTABILITY = YES;
				GCC_C_LANGUAGE_STANDARD = gnu99;
				GCC_DYNAMIC_NO_PIC = NO;
				GCC_NO_COMMON_BLOCKS = YES;
				GCC_OPTIMIZATION_LEVEL = 0;
				GCC_PREPROCESSOR_DEFINITIONS = (
					"DEBUG=1",
					"$(inherited)",
				);
				GCC_WARN_64_TO_32_BIT_CONVERSION = YES;
				GCC_WARN_ABOUT_RETURN_TYPE = YES_ERROR;
				GCC_WARN_UNDECLARED_SELECTOR = YES;
				GCC_WARN_UNINITIALIZED_AUTOS = YES_AGGRESSIVE;
				GCC_WARN_UNUSED_FUNCTION = YES;
				GCC_WARN_UNUSED_VARIABLE = YES;
				IPHONEOS_DEPLOYMENT_TARGET = 9.0;
				MTL_ENABLE_DEBUG_INFO = YES;
				ONLY_ACTIVE_ARCH = YES;
				SDKROOT = iphoneos;
				SWIFT_OPTIMIZATION_LEVEL = "-Onone";
			};
			name = Debug;
		};
		1F4F0EEC1BB1038B00430CC9 /* Release */ = {
			isa = XCBuildConfiguration;
			buildSettings = {
				ALWAYS_SEARCH_USER_PATHS = NO;
				CLANG_CXX_LANGUAGE_STANDARD = "gnu++0x";
				CLANG_CXX_LIBRARY = "libc++";
				CLANG_ENABLE_MODULES = YES;
				CLANG_ENABLE_OBJC_ARC = YES;
				CLANG_WARN_BOOL_CONVERSION = YES;
				CLANG_WARN_CONSTANT_CONVERSION = YES;
				CLANG_WARN_DIRECT_OBJC_ISA_USAGE = YES_ERROR;
				CLANG_WARN_EMPTY_BODY = YES;
				CLANG_WARN_ENUM_CONVERSION = YES;
				CLANG_WARN_INT_CONVERSION = YES;
				CLANG_WARN_OBJC_ROOT_CLASS = YES_ERROR;
				CLANG_WARN_UNREACHABLE_CODE = YES;
				CLANG_WARN__DUPLICATE_METHOD_MATCH = YES;
				"CODE_SIGN_IDENTITY[sdk=iphoneos*]" = "iPhone Developer";
				COPY_PHASE_STRIP = NO;
				DEBUG_INFORMATION_FORMAT = "dwarf-with-dsym";
				ENABLE_NS_ASSERTIONS = NO;
				ENABLE_STRICT_OBJC_MSGSEND = YES;
				GCC_C_LANGUAGE_STANDARD = gnu99;
				GCC_NO_COMMON_BLOCKS = YES;
				GCC_WARN_64_TO_32_BIT_CONVERSION = YES;
				GCC_WARN_ABOUT_RETURN_TYPE = YES_ERROR;
				GCC_WARN_UNDECLARED_SELECTOR = YES;
				GCC_WARN_UNINITIALIZED_AUTOS = YES_AGGRESSIVE;
				GCC_WARN_UNUSED_FUNCTION = YES;
				GCC_WARN_UNUSED_VARIABLE = YES;
				IPHONEOS_DEPLOYMENT_TARGET = 9.0;
				MTL_ENABLE_DEBUG_INFO = NO;
				SDKROOT = iphoneos;
				VALIDATE_PRODUCT = YES;
			};
			name = Release;
		};
		1F4F0EEE1BB1038B00430CC9 /* Debug */ = {
			isa = XCBuildConfiguration;
			buildSettings = {
				ASSETCATALOG_COMPILER_APPICON_NAME = AppIcon;
				CODE_SIGN_IDENTITY = "iPhone Developer";
				"CODE_SIGN_IDENTITY[sdk=iphoneos*]" = "iPhone Developer";
				INFOPLIST_FILE = PitchPerfect/Info.plist;
				LD_RUNPATH_SEARCH_PATHS = "$(inherited) @executable_path/Frameworks";
				PRODUCT_BUNDLE_IDENTIFIER = com.papesoftware.PitchPerfect;
				PRODUCT_NAME = "$(TARGET_NAME)";
				PROVISIONING_PROFILE = "";
			};
			name = Debug;
		};
		1F4F0EEF1BB1038B00430CC9 /* Release */ = {
			isa = XCBuildConfiguration;
			buildSettings = {
				ASSETCATALOG_COMPILER_APPICON_NAME = AppIcon;
				CODE_SIGN_IDENTITY = "iPhone Developer";
				"CODE_SIGN_IDENTITY[sdk=iphoneos*]" = "iPhone Developer";
				INFOPLIST_FILE = PitchPerfect/Info.plist;
				LD_RUNPATH_SEARCH_PATHS = "$(inherited) @executable_path/Frameworks";
				PRODUCT_BUNDLE_IDENTIFIER = com.papesoftware.PitchPerfect;
				PRODUCT_NAME = "$(TARGET_NAME)";
				PROVISIONING_PROFILE = "";
			};
			name = Release;
		};
		1F4F0EF11BB1038B00430CC9 /* Debug */ = {
			isa = XCBuildConfiguration;
			buildSettings = {
				BUNDLE_LOADER = "$(TEST_HOST)";
				INFOPLIST_FILE = PitchPerfectTests/Info.plist;
				LD_RUNPATH_SEARCH_PATHS = "$(inherited) @executable_path/Frameworks @loader_path/Frameworks";
				PRODUCT_BUNDLE_IDENTIFIER = com.papesoftware.PitchPerfectTests;
				PRODUCT_NAME = "$(TARGET_NAME)";
				TEST_HOST = "$(BUILT_PRODUCTS_DIR)/PitchPerfect.app/PitchPerfect";
			};
			name = Debug;
		};
		1F4F0EF21BB1038B00430CC9 /* Release */ = {
			isa = XCBuildConfiguration;
			buildSettings = {
				BUNDLE_LOADER = "$(TEST_HOST)";
				INFOPLIST_FILE = PitchPerfectTests/Info.plist;
				LD_RUNPATH_SEARCH_PATHS = "$(inherited) @executable_path/Frameworks @loader_path/Frameworks";
				PRODUCT_BUNDLE_IDENTIFIER = com.papesoftware.PitchPerfectTests;
				PRODUCT_NAME = "$(TARGET_NAME)";
				TEST_HOST = "$(BUILT_PRODUCTS_DIR)/PitchPerfect.app/PitchPerfect";
			};
			name = Release;
		};
		1F4F0EF41BB1038B00430CC9 /* Debug */ = {
			isa = XCBuildConfiguration;
			buildSettings = {
				INFOPLIST_FILE = PitchPerfectUITests/Info.plist;
				LD_RUNPATH_SEARCH_PATHS = "$(inherited) @executable_path/Frameworks @loader_path/Frameworks";
				PRODUCT_BUNDLE_IDENTIFIER = com.papesoftware.PitchPerfectUITests;
				PRODUCT_NAME = "$(TARGET_NAME)";
				TEST_TARGET_NAME = PitchPerfect;
				USES_XCTRUNNER = YES;
			};
			name = Debug;
		};
		1F4F0EF51BB1038B00430CC9 /* Release */ = {
			isa = XCBuildConfiguration;
			buildSettings = {
				INFOPLIST_FILE = PitchPerfectUITests/Info.plist;
				LD_RUNPATH_SEARCH_PATHS = "$(inherited) @executable_path/Frameworks @loader_path/Frameworks";
				PRODUCT_BUNDLE_IDENTIFIER = com.papesoftware.PitchPerfectUITests;
				PRODUCT_NAME = "$(TARGET_NAME)";
				TEST_TARGET_NAME = PitchPerfect;
				USES_XCTRUNNER = YES;
			};
			name = Release;
		};
/* End XCBuildConfiguration section */

/* Begin XCConfigurationList section */
		1F4F0EC01BB1038B00430CC9 /* Build configuration list for PBXProject "PitchPerfect" */ = {
			isa = XCConfigurationList;
			buildConfigurations = (
				1F4F0EEB1BB1038B00430CC9 /* Debug */,
				1F4F0EEC1BB1038B00430CC9 /* Release */,
			);
			defaultConfigurationIsVisible = 0;
			defaultConfigurationName = Release;
		};
		1F4F0EED1BB1038B00430CC9 /* Build configuration list for PBXNativeTarget "PitchPerfect" */ = {
			isa = XCConfigurationList;
			buildConfigurations = (
				1F4F0EEE1BB1038B00430CC9 /* Debug */,
				1F4F0EEF1BB1038B00430CC9 /* Release */,
			);
			defaultConfigurationIsVisible = 0;
			defaultConfigurationName = Release;
		};
		1F4F0EF01BB1038B00430CC9 /* Build configuration list for PBXNativeTarget "PitchPerfectTests" */ = {
			isa = XCConfigurationList;
			buildConfigurations = (
				1F4F0EF11BB1038B00430CC9 /* Debug */,
				1F4F0EF21BB1038B00430CC9 /* Release */,
			);
			defaultConfigurationIsVisible = 0;
			defaultConfigurationName = Release;
		};
		1F4F0EF31BB1038B00430CC9 /* Build configuration list for PBXNativeTarget "PitchPerfectUITests" */ = {
			isa = XCConfigurationList;
			buildConfigurations = (
				1F4F0EF41BB1038B00430CC9 /* Debug */,
				1F4F0EF51BB1038B00430CC9 /* Release */,
			);
			defaultConfigurationIsVisible = 0;
			defaultConfigurationName = Release;
		};
/* End XCConfigurationList section */
	};
	rootObject = 1F4F0EBD1BB1038B00430CC9 /* Project object */;
}
